
Microsoft Visual Studio Solution File, Format Version 12.00
# Visual Studio Version 17
VisualStudioVersion = 17.0.31903.59
MinimumVisualStudioVersion = 10.0.40219.1
Project("{FAE04EC0-301F-11D3-BF4B-00C04F79EFBC}") = "Reservas.Api", "Reservas.Api\Reservas.Api.csproj", "{17F0182D-E37F-4EFD-9922-D9E2B34B0270}"
EndProject
Project("{FAE04EC0-301F-11D3-BF4B-00C04F79EFBC}") = "Reservas.Domain", "Reservas.Domain\Reservas.Domain.csproj", "{1C4B7DF7-CBFD-4616-B110-8A6FC52CD59F}"
EndProject
Project("{2150E333-8FDC-42A3-9474-1A3956D46DE8}") = "src", "src", "{827E0CD3-B72D-47B6-A68D-7590B98EB39B}"
EndProject
Project("{FAE04EC0-301F-11D3-BF4B-00C04F79EFBC}") = "Reservas.Infrastructure", "src\Reservas.Infrastructure\Reservas.Infrastructure.csproj", "{9C64715C-9BAF-43A1-B98D-1F073A505EE5}"
EndProject
Project("{FAE04EC0-301F-11D3-BF4B-00C04F79EFBC}") = "Reservas.Application", "src\Reservas.Application\Reservas.Application.csproj", "{81A01971-C2FF-499F-91B7-38262C174CBB}"
EndProject
Global
	GlobalSection(SolutionConfigurationPlatforms) = preSolution
		Debug|Any CPU = Debug|Any CPU
		Debug|x64 = Debug|x64
		Debug|x86 = Debug|x86
		Release|Any CPU = Release|Any CPU
		Release|x64 = Release|x64
		Release|x86 = Release|x86
	EndGlobalSection
	GlobalSection(ProjectConfigurationPlatforms) = postSolution
		{17F0182D-E37F-4EFD-9922-D9E2B34B0270}.Debug|Any CPU.ActiveCfg = Debug|Any CPU
		{17F0182D-E37F-4EFD-9922-D9E2B34B0270}.Debug|Any CPU.Build.0 = Debug|Any CPU
		{17F0182D-E37F-4EFD-9922-D9E2B34B0270}.Debug|x64.ActiveCfg = Debug|Any CPU
		{17F0182D-E37F-4EFD-9922-D9E2B34B0270}.Debug|x64.Build.0 = Debug|Any CPU
		{17F0182D-E37F-4EFD-9922-D9E2B34B0270}.Debug|x86.ActiveCfg = Debug|Any CPU
		{17F0182D-E37F-4EFD-9922-D9E2B34B0270}.Debug|x86.Build.0 = Debug|Any CPU
		{17F0182D-E37F-4EFD-9922-D9E2B34B0270}.Release|Any CPU.ActiveCfg = Release|Any CPU
		{17F0182D-E37F-4EFD-9922-D9E2B34B0270}.Release|Any CPU.Build.0 = Release|Any CPU
		{17F0182D-E37F-4EFD-9922-D9E2B34B0270}.Release|x64.ActiveCfg = Release|Any CPU
		{17F0182D-E37F-4EFD-9922-D9E2B34B0270}.Release|x64.Build.0 = Release|Any CPU
		{17F0182D-E37F-4EFD-9922-D9E2B34B0270}.Release|x86.ActiveCfg = Release|Any CPU
		{17F0182D-E37F-4EFD-9922-D9E2B34B0270}.Release|x86.Build.0 = Release|Any CPU
		{1C4B7DF7-CBFD-4616-B110-8A6FC52CD59F}.Debug|Any CPU.ActiveCfg = Debug|Any CPU
		{1C4B7DF7-CBFD-4616-B110-8A6FC52CD59F}.Debug|Any CPU.Build.0 = Debug|Any CPU
		{1C4B7DF7-CBFD-4616-B110-8A6FC52CD59F}.Debug|x64.ActiveCfg = Debug|Any CPU
		{1C4B7DF7-CBFD-4616-B110-8A6FC52CD59F}.Debug|x64.Build.0 = Debug|Any CPU
		{1C4B7DF7-CBFD-4616-B110-8A6FC52CD59F}.Debug|x86.ActiveCfg = Debug|Any CPU
		{1C4B7DF7-CBFD-4616-B110-8A6FC52CD59F}.Debug|x86.Build.0 = Debug|Any CPU
		{1C4B7DF7-CBFD-4616-B110-8A6FC52CD59F}.Release|Any CPU.ActiveCfg = Release|Any CPU
		{1C4B7DF7-CBFD-4616-B110-8A6FC52CD59F}.Release|Any CPU.Build.0 = Release|Any CPU
		{1C4B7DF7-CBFD-4616-B110-8A6FC52CD59F}.Release|x64.ActiveCfg = Release|Any CPU
		{1C4B7DF7-CBFD-4616-B110-8A6FC52CD59F}.Release|x64.Build.0 = Release|Any CPU
		{1C4B7DF7-CBFD-4616-B110-8A6FC52CD59F}.Release|x86.ActiveCfg = Release|Any CPU
		{1C4B7DF7-CBFD-4616-B110-8A6FC52CD59F}.Release|x86.Build.0 = Release|Any CPU
		{9C64715C-9BAF-43A1-B98D-1F073A505EE5}.Debug|Any CPU.ActiveCfg = Debug|Any CPU
		{9C64715C-9BAF-43A1-B98D-1F073A505EE5}.Debug|Any CPU.Build.0 = Debug|Any CPU
		{9C64715C-9BAF-43A1-B98D-1F073A505EE5}.Debug|x64.ActiveCfg = Debug|Any CPU
		{9C64715C-9BAF-43A1-B98D-1F073A505EE5}.Debug|x64.Build.0 = Debug|Any CPU
		{9C64715C-9BAF-43A1-B98D-1F073A505EE5}.Debug|x86.ActiveCfg = Debug|Any CPU
		{9C64715C-9BAF-43A1-B98D-1F073A505EE5}.Debug|x86.Build.0 = Debug|Any CPU
		{9C64715C-9BAF-43A1-B98D-1F073A505EE5}.Release|Any CPU.ActiveCfg = Release|Any CPU
		{9C64715C-9BAF-43A1-B98D-1F073A505EE5}.Release|Any CPU.Build.0 = Release|Any CPU
		{9C64715C-9BAF-43A1-B98D-1F073A505EE5}.Release|x64.ActiveCfg = Release|Any CPU
		{9C64715C-9BAF-43A1-B98D-1F073A505EE5}.Release|x64.Build.0 = Release|Any CPU
		{9C64715C-9BAF-43A1-B98D-1F073A505EE5}.Release|x86.ActiveCfg = Release|Any CPU
		{9C64715C-9BAF-43A1-B98D-1F073A505EE5}.Release|x86.Build.0 = Release|Any CPU
		{81A01971-C2FF-499F-91B7-38262C174CBB}.Debug|Any CPU.ActiveCfg = Debug|Any CPU
		{81A01971-C2FF-499F-91B7-38262C174CBB}.Debug|Any CPU.Build.0 = Debug|Any CPU
		{81A01971-C2FF-499F-91B7-38262C174CBB}.Debug|x64.ActiveCfg = Debug|Any CPU
		{81A01971-C2FF-499F-91B7-38262C174CBB}.Debug|x64.Build.0 = Debug|Any CPU
		{81A01971-C2FF-499F-91B7-38262C174CBB}.Debug|x86.ActiveCfg = Debug|Any CPU
		{81A01971-C2FF-499F-91B7-38262C174CBB}.Debug|x86.Build.0 = Debug|Any CPU
		{81A01971-C2FF-499F-91B7-38262C174CBB}.Release|Any CPU.ActiveCfg = Release|Any CPU
		{81A01971-C2FF-499F-91B7-38262C174CBB}.Release|Any CPU.Build.0 = Release|Any CPU
		{81A01971-C2FF-499F-91B7-38262C174CBB}.Release|x64.ActiveCfg = Release|Any CPU
		{81A01971-C2FF-499F-91B7-38262C174CBB}.Release|x64.Build.0 = Release|Any CPU
		{81A01971-C2FF-499F-91B7-38262C174CBB}.Release|x86.ActiveCfg = Release|Any CPU
		{81A01971-C2FF-499F-91B7-38262C174CBB}.Release|x86.Build.0 = Release|Any CPU
	EndGlobalSection
	GlobalSection(SolutionProperties) = preSolution
		HideSolutionNode = FALSE
	EndGlobalSection
	GlobalSection(NestedProjects) = preSolution
		{9C64715C-9BAF-43A1-B98D-1F073A505EE5} = {827E0CD3-B72D-47B6-A68D-7590B98EB39B}
		{81A01971-C2FF-499F-91B7-38262C174CBB} = {827E0CD3-B72D-47B6-A68D-7590B98EB39B}
	EndGlobalSection
EndGlobal
